
Microsoft Visual Studio Solution File, Format Version 12.00
# Visual Studio 2015
Project("{FAE04EC0-301F-11D3-BF4B-00C04F79EFBC}") = "NeonNinja.CSharp.Plugins", "NeonNinja.CSharp.Plugins.csproj", "{3E1C352F-A285-BAFB-510A-6FEFADBAB37E}"
EndProject
Project("{FAE04EC0-301F-11D3-BF4B-00C04F79EFBC}") = "NeonNinja.CSharp", "NeonNinja.CSharp.csproj", "{B273C4E7-47E9-1F07-6C90-C9E1A31A16B2}"
EndProject
Global
	GlobalSection(SolutionConfigurationPlatforms) = preSolution
		Debug|Any CPU = Debug|Any CPU
		Release|Any CPU = Release|Any CPU
	EndGlobalSection
	GlobalSection(ProjectConfigurationPlatforms) = postSolution
		{3E1C352F-A285-BAFB-510A-6FEFADBAB37E}.Debug|Any CPU.ActiveCfg = Debug|Any CPU
		{3E1C352F-A285-BAFB-510A-6FEFADBAB37E}.Debug|Any CPU.Build.0 = Debug|Any CPU
		{3E1C352F-A285-BAFB-510A-6FEFADBAB37E}.Release|Any CPU.ActiveCfg = Release|Any CPU
		{3E1C352F-A285-BAFB-510A-6FEFADBAB37E}.Release|Any CPU.Build.0 = Release|Any CPU
		{B273C4E7-47E9-1F07-6C90-C9E1A31A16B2}.Debug|Any CPU.ActiveCfg = Debug|Any CPU
		{B273C4E7-47E9-1F07-6C90-C9E1A31A16B2}.Debug|Any CPU.Build.0 = Debug|Any CPU
		{B273C4E7-47E9-1F07-6C90-C9E1A31A16B2}.Release|Any CPU.ActiveCfg = Release|Any CPU
		{B273C4E7-47E9-1F07-6C90-C9E1A31A16B2}.Release|Any CPU.Build.0 = Release|Any CPU
	EndGlobalSection
	GlobalSection(SolutionProperties) = preSolution
		HideSolutionNode = FALSE
	EndGlobalSection
EndGlobal
